
Microsoft Visual Studio Solution File, Format Version 12.00
# Visual Studio Version 16
VisualStudioVersion = 16.0.29920.165
MinimumVisualStudioVersion = 10.0.40219.1
Project("{FAE04EC0-301F-11D3-BF4B-00C04F79EFBC}") = "Geom", "Geom\Geom.csproj", "{287377FD-208E-4364-8B2A-98E185DCE68D}"
EndProject
Global
	GlobalSection(SolutionConfigurationPlatforms) = preSolution
		Debug|Any CPU = Debug|Any CPU
		Release|Any CPU = Release|Any CPU
	EndGlobalSection
	GlobalSection(ProjectConfigurationPlatforms) = postSolution
		{287377FD-208E-4364-8B2A-98E185DCE68D}.Debug|Any CPU.ActiveCfg = Debug|Any CPU
		{287377FD-208E-4364-8B2A-98E185DCE68D}.Debug|Any CPU.Build.0 = Debug|Any CPU
		{287377FD-208E-4364-8B2A-98E185DCE68D}.Release|Any CPU.ActiveCfg = Release|Any CPU
		{287377FD-208E-4364-8B2A-98E185DCE68D}.Release|Any CPU.Build.0 = Release|Any CPU
	EndGlobalSection
	GlobalSection(SolutionProperties) = preSolution
		HideSolutionNode = FALSE
	EndGlobalSection
	GlobalSection(ExtensibilityGlobals) = postSolution
		SolutionGuid = {B2DF7EE5-EDB9-4DED-9F87-AC8F8CD8DBF7}
	EndGlobalSection
EndGlobal
